// !$*UTF8*$!
{
	archiveVersion = 1;
	classes = {
	};
	objectVersion = 50;
	objects = {

/* Begin PBXBuildFile section */
		EE50FFBB2564CCAA0075D0F5 /* profile.json in Resources */ = {isa = PBXBuildFile; fileRef = EE50FFBA2564CCAA0075D0F5 /* profile.json */; };
		EE50FFBE2564CE1D0075D0F5 /* ProfileInfo.swift in Sources */ = {isa = PBXBuildFile; fileRef = EE50FFBD2564CE1D0075D0F5 /* ProfileInfo.swift */; };
		EE5677E4255E35D400495F0D /* DataController.swift in Sources */ = {isa = PBXBuildFile; fileRef = EE5677E3255E35D400495F0D /* DataController.swift */; };
		EE5677E7255E361400495F0D /* InfoData.swift in Sources */ = {isa = PBXBuildFile; fileRef = EE5677E6255E361400495F0D /* InfoData.swift */; };
		EE6A6E1D255CF6A3006526F9 /* AppDelegate.swift in Sources */ = {isa = PBXBuildFile; fileRef = EE6A6E1C255CF6A3006526F9 /* AppDelegate.swift */; };
		EE6A6E1F255CF6A3006526F9 /* SceneDelegate.swift in Sources */ = {isa = PBXBuildFile; fileRef = EE6A6E1E255CF6A3006526F9 /* SceneDelegate.swift */; };
		EE6A6E24255CF6A3006526F9 /* Main.storyboard in Resources */ = {isa = PBXBuildFile; fileRef = EE6A6E22255CF6A3006526F9 /* Main.storyboard */; };
		EE6A6E26255CF6A4006526F9 /* Assets.xcassets in Resources */ = {isa = PBXBuildFile; fileRef = EE6A6E25255CF6A4006526F9 /* Assets.xcassets */; };
		EE6A6E29255CF6A4006526F9 /* LaunchScreen.storyboard in Resources */ = {isa = PBXBuildFile; fileRef = EE6A6E27255CF6A4006526F9 /* LaunchScreen.storyboard */; };
		EE6A6E36255CFBBF006526F9 /* HomeViewController.swift in Sources */ = {isa = PBXBuildFile; fileRef = EE6A6E35255CFBBF006526F9 /* HomeViewController.swift */; };
		EE6A6E3A255CFC75006526F9 /* ProfileViewController.swift in Sources */ = {isa = PBXBuildFile; fileRef = EE6A6E39255CFC75006526F9 /* ProfileViewController.swift */; };
		EE6A6E3D255CFC8C006526F9 /* NewsletterViewController.swift in Sources */ = {isa = PBXBuildFile; fileRef = EE6A6E3C255CFC8C006526F9 /* NewsletterViewController.swift */; };
		EE6A6E40255CFCAF006526F9 /* ContactsViewController.swift in Sources */ = {isa = PBXBuildFile; fileRef = EE6A6E3F255CFCAF006526F9 /* ContactsViewController.swift */; };
		EE6A6E44255D0F4C006526F9 /* ListTableViewController.swift in Sources */ = {isa = PBXBuildFile; fileRef = EE6A6E43255D0F4C006526F9 /* ListTableViewController.swift */; };
		EE6A6E4B255D4595006526F9 /* EmailTableViewController.swift in Sources */ = {isa = PBXBuildFile; fileRef = EE6A6E4A255D4595006526F9 /* EmailTableViewController.swift */; };
/* End PBXBuildFile section */

/* Begin PBXFileReference section */
		EE50FFBA2564CCAA0075D0F5 /* profile.json */ = {isa = PBXFileReference; fileEncoding = 4; lastKnownFileType = text.json; path = profile.json; sourceTree = "<group>"; };
		EE50FFBD2564CE1D0075D0F5 /* ProfileInfo.swift */ = {isa = PBXFileReference; lastKnownFileType = sourcecode.swift; path = ProfileInfo.swift; sourceTree = "<group>"; };
		EE5677E3255E35D400495F0D /* DataController.swift */ = {isa = PBXFileReference; lastKnownFileType = sourcecode.swift; path = DataController.swift; sourceTree = "<group>"; };
		EE5677E6255E361400495F0D /* InfoData.swift */ = {isa = PBXFileReference; lastKnownFileType = sourcecode.swift; path = InfoData.swift; sourceTree = "<group>"; };
		EE6A6E19255CF6A3006526F9 /* ISA_APP_FinalProject.app */ = {isa = PBXFileReference; explicitFileType = wrapper.application; includeInIndex = 0; path = ISA_APP_FinalProject.app; sourceTree = BUILT_PRODUCTS_DIR; };
		EE6A6E1C255CF6A3006526F9 /* AppDelegate.swift */ = {isa = PBXFileReference; lastKnownFileType = sourcecode.swift; path = AppDelegate.swift; sourceTree = "<group>"; };
		EE6A6E1E255CF6A3006526F9 /* SceneDelegate.swift */ = {isa = PBXFileReference; lastKnownFileType = sourcecode.swift; path = SceneDelegate.swift; sourceTree = "<group>"; };
		EE6A6E23255CF6A3006526F9 /* Base */ = {isa = PBXFileReference; lastKnownFileType = file.storyboard; name = Base; path = Base.lproj/Main.storyboard; sourceTree = "<group>"; };
		EE6A6E25255CF6A4006526F9 /* Assets.xcassets */ = {isa = PBXFileReference; lastKnownFileType = folder.assetcatalog; path = Assets.xcassets; sourceTree = "<group>"; };
		EE6A6E28255CF6A4006526F9 /* Base */ = {isa = PBXFileReference; lastKnownFileType = file.storyboard; name = Base; path = Base.lproj/LaunchScreen.storyboard; sourceTree = "<group>"; };
		EE6A6E2A255CF6A4006526F9 /* Info.plist */ = {isa = PBXFileReference; lastKnownFileType = text.plist.xml; path = Info.plist; sourceTree = "<group>"; };
		EE6A6E35255CFBBF006526F9 /* HomeViewController.swift */ = {isa = PBXFileReference; lastKnownFileType = sourcecode.swift; path = HomeViewController.swift; sourceTree = "<group>"; };
		EE6A6E39255CFC75006526F9 /* ProfileViewController.swift */ = {isa = PBXFileReference; lastKnownFileType = sourcecode.swift; path = ProfileViewController.swift; sourceTree = "<group>"; };
		EE6A6E3C255CFC8C006526F9 /* NewsletterViewController.swift */ = {isa = PBXFileReference; lastKnownFileType = sourcecode.swift; path = NewsletterViewController.swift; sourceTree = "<group>"; };
		EE6A6E3F255CFCAF006526F9 /* ContactsViewController.swift */ = {isa = PBXFileReference; lastKnownFileType = sourcecode.swift; path = ContactsViewController.swift; sourceTree = "<group>"; };
		EE6A6E43255D0F4C006526F9 /* ListTableViewController.swift */ = {isa = PBXFileReference; lastKnownFileType = sourcecode.swift; path = ListTableViewController.swift; sourceTree = "<group>"; };
		EE6A6E4A255D4595006526F9 /* EmailTableViewController.swift */ = {isa = PBXFileReference; lastKnownFileType = sourcecode.swift; path = EmailTableViewController.swift; sourceTree = "<group>"; };
/* End PBXFileReference section */

/* Begin PBXFrameworksBuildPhase section */
		EE6A6E16255CF6A3006526F9 /* Frameworks */ = {
			isa = PBXFrameworksBuildPhase;
			buildActionMask = 2147483647;
			files = (
			);
			runOnlyForDeploymentPostprocessing = 0;
		};
/* End PBXFrameworksBuildPhase section */

/* Begin PBXGroup section */
		EE6A6E10255CF6A3006526F9 = {
			isa = PBXGroup;
			children = (
				EE6A6E1B255CF6A3006526F9 /* ISA_APP_FinalProject */,
				EE6A6E1A255CF6A3006526F9 /* Products */,
			);
			sourceTree = "<group>";
		};
		EE6A6E1A255CF6A3006526F9 /* Products */ = {
			isa = PBXGroup;
			children = (
				EE6A6E19255CF6A3006526F9 /* ISA_APP_FinalProject.app */,
			);
			name = Products;
			sourceTree = "<group>";
		};
		EE6A6E1B255CF6A3006526F9 /* ISA_APP_FinalProject */ = {
			isa = PBXGroup;
			children = (
				EE6A6E1C255CF6A3006526F9 /* AppDelegate.swift */,
				EE6A6E1E255CF6A3006526F9 /* SceneDelegate.swift */,
				EE6A6E35255CFBBF006526F9 /* HomeViewController.swift */,
				EE6A6E3C255CFC8C006526F9 /* NewsletterViewController.swift */,
				EE6A6E3F255CFCAF006526F9 /* ContactsViewController.swift */,
				EE6A6E39255CFC75006526F9 /* ProfileViewController.swift */,
				EE6A6E22255CF6A3006526F9 /* Main.storyboard */,
				EE6A6E25255CF6A4006526F9 /* Assets.xcassets */,
				EE6A6E27255CF6A4006526F9 /* LaunchScreen.storyboard */,
				EE6A6E43255D0F4C006526F9 /* ListTableViewController.swift */,
				EE6A6E4A255D4595006526F9 /* EmailTableViewController.swift */,
				EE6A6E2A255CF6A4006526F9 /* Info.plist */,
				EE5677E3255E35D400495F0D /* DataController.swift */,
				EE5677E6255E361400495F0D /* InfoData.swift */,
				EE50FFBA2564CCAA0075D0F5 /* profile.json */,
				EE50FFBD2564CE1D0075D0F5 /* ProfileInfo.swift */,
			);
			path = ISA_APP_FinalProject;
			sourceTree = "<group>";
		};
/* End PBXGroup section */

/* Begin PBXNativeTarget section */
		EE6A6E18255CF6A3006526F9 /* ISA_APP_FinalProject */ = {
			isa = PBXNativeTarget;
			buildConfigurationList = EE6A6E2D255CF6A4006526F9 /* Build configuration list for PBXNativeTarget "ISA_APP_FinalProject" */;
			buildPhases = (
				EE6A6E15255CF6A3006526F9 /* Sources */,
				EE6A6E16255CF6A3006526F9 /* Frameworks */,
				EE6A6E17255CF6A3006526F9 /* Resources */,
			);
			buildRules = (
			);
			dependencies = (
			);
			name = ISA_APP_FinalProject;
			productName = ISA_APP_FinalProject;
			productReference = EE6A6E19255CF6A3006526F9 /* ISA_APP_FinalProject.app */;
			productType = "com.apple.product-type.application";
		};
/* End PBXNativeTarget section */

/* Begin PBXProject section */
		EE6A6E11255CF6A3006526F9 /* Project object */ = {
			isa = PBXProject;
			attributes = {
				LastSwiftUpdateCheck = 1200;
				LastUpgradeCheck = 1200;
				TargetAttributes = {
					EE6A6E18255CF6A3006526F9 = {
						CreatedOnToolsVersion = 12.0.1;
					};
				};
			};
			buildConfigurationList = EE6A6E14255CF6A3006526F9 /* Build configuration list for PBXProject "ISA_APP_FinalProject" */;
			compatibilityVersion = "Xcode 9.3";
			developmentRegion = en;
			hasScannedForEncodings = 0;
			knownRegions = (
				en,
				Base,
			);
			mainGroup = EE6A6E10255CF6A3006526F9;
			productRefGroup = EE6A6E1A255CF6A3006526F9 /* Products */;
			projectDirPath = "";
			projectRoot = "";
			targets = (
				EE6A6E18255CF6A3006526F9 /* ISA_APP_FinalProject */,
			);
		};
/* End PBXProject section */

/* Begin PBXResourcesBuildPhase section */
		EE6A6E17255CF6A3006526F9 /* Resources */ = {
			isa = PBXResourcesBuildPhase;
			buildActionMask = 2147483647;
			files = (
				EE6A6E29255CF6A4006526F9 /* LaunchScreen.storyboard in Resources */,
				EE50FFBB2564CCAA0075D0F5 /* profile.json in Resources */,
				EE6A6E26255CF6A4006526F9 /* Assets.xcassets in Resources */,
				EE6A6E24255CF6A3006526F9 /* Main.storyboard in Resources */,
			);
			runOnlyForDeploymentPostprocessing = 0;
		};
/* End PBXResourcesBuildPhase section */

/* Begin PBXSourcesBuildPhase section */
		EE6A6E15255CF6A3006526F9 /* Sources */ = {
			isa = PBXSourcesBuildPhase;
			buildActionMask = 2147483647;
			files = (
				EE6A6E4B255D4595006526F9 /* EmailTableViewController.swift in Sources */,
				EE50FFBE2564CE1D0075D0F5 /* ProfileInfo.swift in Sources */,
				EE6A6E1D255CF6A3006526F9 /* AppDelegate.swift in Sources */,
				EE6A6E3D255CFC8C006526F9 /* NewsletterViewController.swift in Sources */,
				EE6A6E1F255CF6A3006526F9 /* SceneDelegate.swift in Sources */,
				EE5677E4255E35D400495F0D /* DataController.swift in Sources */,
				EE6A6E3A255CFC75006526F9 /* ProfileViewController.swift in Sources */,
				EE6A6E36255CFBBF006526F9 /* HomeViewController.swift in Sources */,
				EE6A6E40255CFCAF006526F9 /* ContactsViewController.swift in Sources */,
				EE6A6E44255D0F4C006526F9 /* ListTableViewController.swift in Sources */,
				EE5677E7255E361400495F0D /* InfoData.swift in Sources */,
			);
			runOnlyForDeploymentPostprocessing = 0;
		};
/* End PBXSourcesBuildPhase section */

/* Begin PBXVariantGroup section */
		EE6A6E22255CF6A3006526F9 /* Main.storyboard */ = {
			isa = PBXVariantGroup;
			children = (
				EE6A6E23255CF6A3006526F9 /* Base */,
			);
			name = Main.storyboard;
			sourceTree = "<group>";
		};
		EE6A6E27255CF6A4006526F9 /* LaunchScreen.storyboard */ = {
			isa = PBXVariantGroup;
			children = (
				EE6A6E28255CF6A4006526F9 /* Base */,
			);
			name = LaunchScreen.storyboard;
			sourceTree = "<group>";
		};
/* End PBXVariantGroup section */

/* Begin XCBuildConfiguration section */
		EE6A6E2B255CF6A4006526F9 /* Debug */ = {
			isa = XCBuildConfiguration;
			buildSettings = {
				ALWAYS_SEARCH_USER_PATHS = NO;
				CLANG_ANALYZER_NONNULL = YES;
				CLANG_ANALYZER_NUMBER_OBJECT_CONVERSION = YES_AGGRESSIVE;
				CLANG_CXX_LANGUAGE_STANDARD = "gnu++14";
				CLANG_CXX_LIBRARY = "libc++";
				CLANG_ENABLE_MODULES = YES;
				CLANG_ENABLE_OBJC_ARC = YES;
				CLANG_ENABLE_OBJC_WEAK = YES;
				CLANG_WARN_BLOCK_CAPTURE_AUTORELEASING = YES;
				CLANG_WARN_BOOL_CONVERSION = YES;
				CLANG_WARN_COMMA = YES;
				CLANG_WARN_CONSTANT_CONVERSION = YES;
				CLANG_WARN_DEPRECATED_OBJC_IMPLEMENTATIONS = YES;
				CLANG_WARN_DIRECT_OBJC_ISA_USAGE = YES_ERROR;
				CLANG_WARN_DOCUMENTATION_COMMENTS = YES;
				CLANG_WARN_EMPTY_BODY = YES;
				CLANG_WARN_ENUM_CONVERSION = YES;
				CLANG_WARN_INFINITE_RECURSION = YES;
				CLANG_WARN_INT_CONVERSION = YES;
				CLANG_WARN_NON_LITERAL_NULL_CONVERSION = YES;
				CLANG_WARN_OBJC_IMPLICIT_RETAIN_SELF = YES;
				CLANG_WARN_OBJC_LITERAL_CONVERSION = YES;
				CLANG_WARN_OBJC_ROOT_CLASS = YES_ERROR;
				CLANG_WARN_QUOTED_INCLUDE_IN_FRAMEWORK_HEADER = YES;
				CLANG_WARN_RANGE_LOOP_ANALYSIS = YES;
				CLANG_WARN_STRICT_PROTOTYPES = YES;
				CLANG_WARN_SUSPICIOUS_MOVE = YES;
				CLANG_WARN_UNGUARDED_AVAILABILITY = YES_AGGRESSIVE;
				CLANG_WARN_UNREACHABLE_CODE = YES;
				CLANG_WARN__DUPLICATE_METHOD_MATCH = YES;
				COPY_PHASE_STRIP = NO;
				DEBUG_INFORMATION_FORMAT = dwarf;
				ENABLE_STRICT_OBJC_MSGSEND = YES;
				ENABLE_TESTABILITY = YES;
				GCC_C_LANGUAGE_STANDARD = gnu11;
				GCC_DYNAMIC_NO_PIC = NO;
				GCC_NO_COMMON_BLOCKS = YES;
				GCC_OPTIMIZATION_LEVEL = 0;
				GCC_PREPROCESSOR_DEFINITIONS = (
					"DEBUG=1",
					"$(inherited)",
				);
				GCC_WARN_64_TO_32_BIT_CONVERSION = YES;
				GCC_WARN_ABOUT_RETURN_TYPE = YES_ERROR;
				GCC_WARN_UNDECLARED_SELECTOR = YES;
				GCC_WARN_UNINITIALIZED_AUTOS = YES_AGGRESSIVE;
				GCC_WARN_UNUSED_FUNCTION = YES;
				GCC_WARN_UNUSED_VARIABLE = YES;
				IPHONEOS_DEPLOYMENT_TARGET = 14.0;
				MTL_ENABLE_DEBUG_INFO = INCLUDE_SOURCE;
				MTL_FAST_MATH = YES;
				ONLY_ACTIVE_ARCH = YES;
				SDKROOT = iphoneos;
				SWIFT_ACTIVE_COMPILATION_CONDITIONS = DEBUG;
				SWIFT_OPTIMIZATION_LEVEL = "-Onone";
			};
			name = Debug;
		};
		EE6A6E2C255CF6A4006526F9 /* Release */ = {
			isa = XCBuildConfiguration;
			buildSettings = {
				ALWAYS_SEARCH_USER_PATHS = NO;
				CLANG_ANALYZER_NONNULL = YES;
				CLANG_ANALYZER_NUMBER_OBJECT_CONVERSION = YES_AGGRESSIVE;
				CLANG_CXX_LANGUAGE_STANDARD = "gnu++14";
				CLANG_CXX_LIBRARY = "libc++";
				CLANG_ENABLE_MODULES = YES;
				CLANG_ENABLE_OBJC_ARC = YES;
				CLANG_ENABLE_OBJC_WEAK = YES;
				CLANG_WARN_BLOCK_CAPTURE_AUTORELEASING = YES;
				CLANG_WARN_BOOL_CONVERSION = YES;
				CLANG_WARN_COMMA = YES;
				CLANG_WARN_CONSTANT_CONVERSION = YES;
				CLANG_WARN_DEPRECATED_OBJC_IMPLEMENTATIONS = YES;
				CLANG_WARN_DIRECT_OBJC_ISA_USAGE = YES_ERROR;
				CLANG_WARN_DOCUMENTATION_COMMENTS = YES;
				CLANG_WARN_EMPTY_BODY = YES;
				CLANG_WARN_ENUM_CONVERSION = YES;
				CLANG_WARN_INFINITE_RECURSION = YES;
				CLANG_WARN_INT_CONVERSION = YES;
				CLANG_WARN_NON_LITERAL_NULL_CONVERSION = YES;
				CLANG_WARN_OBJC_IMPLICIT_RETAIN_SELF = YES;
				CLANG_WARN_OBJC_LITERAL_CONVERSION = YES;
				CLANG_WARN_OBJC_ROOT_CLASS = YES_ERROR;
				CLANG_WARN_QUOTED_INCLUDE_IN_FRAMEWORK_HEADER = YES;
				CLANG_WARN_RANGE_LOOP_ANALYSIS = YES;
				CLANG_WARN_STRICT_PROTOTYPES = YES;
				CLANG_WARN_SUSPICIOUS_MOVE = YES;
				CLANG_WARN_UNGUARDED_AVAILABILITY = YES_AGGRESSIVE;
				CLANG_WARN_UNREACHABLE_CODE = YES;
				CLANG_WARN__DUPLICATE_METHOD_MATCH = YES;
				COPY_PHASE_STRIP = NO;
				DEBUG_INFORMATION_FORMAT = "dwarf-with-dsym";
				ENABLE_NS_ASSERTIONS = NO;
				ENABLE_STRICT_OBJC_MSGSEND = YES;
				GCC_C_LANGUAGE_STANDARD = gnu11;
				GCC_NO_COMMON_BLOCKS = YES;
				GCC_WARN_64_TO_32_BIT_CONVERSION = YES;
				GCC_WARN_ABOUT_RETURN_TYPE = YES_ERROR;
				GCC_WARN_UNDECLARED_SELECTOR = YES;
				GCC_WARN_UNINITIALIZED_AUTOS = YES_AGGRESSIVE;
				GCC_WARN_UNUSED_FUNCTION = YES;
				GCC_WARN_UNUSED_VARIABLE = YES;
				IPHONEOS_DEPLOYMENT_TARGET = 14.0;
				MTL_ENABLE_DEBUG_INFO = NO;
				MTL_FAST_MATH = YES;
				SDKROOT = iphoneos;
				SWIFT_COMPILATION_MODE = wholemodule;
				SWIFT_OPTIMIZATION_LEVEL = "-O";
				VALIDATE_PRODUCT = YES;
			};
			name = Release;
		};
		EE6A6E2E255CF6A4006526F9 /* Debug */ = {
			isa = XCBuildConfiguration;
			buildSettings = {
				ASSETCATALOG_COMPILER_APPICON_NAME = AppIcon;
				ASSETCATALOG_COMPILER_GLOBAL_ACCENT_COLOR_NAME = AccentColor;
				CODE_SIGN_STYLE = Automatic;
				INFOPLIST_FILE = ISA_APP_FinalProject/Info.plist;
				LD_RUNPATH_SEARCH_PATHS = (
					"$(inherited)",
					"@executable_path/Frameworks",
				);
				PRODUCT_BUNDLE_IDENTIFIER = "cs315.ISA-APP-FinalProject";
				PRODUCT_NAME = "$(TARGET_NAME)";
				SWIFT_VERSION = 5.0;
				TARGETED_DEVICE_FAMILY = "1,2";
			};
			name = Debug;
		};
		EE6A6E2F255CF6A4006526F9 /* Release */ = {
			isa = XCBuildConfiguration;
			buildSettings = {
				ASSETCATALOG_COMPILER_APPICON_NAME = AppIcon;
				ASSETCATALOG_COMPILER_GLOBAL_ACCENT_COLOR_NAME = AccentColor;
				CODE_SIGN_STYLE = Automatic;
				INFOPLIST_FILE = ISA_APP_FinalProject/Info.plist;
				LD_RUNPATH_SEARCH_PATHS = (
					"$(inherited)",
					"@executable_path/Frameworks",
				);
				PRODUCT_BUNDLE_IDENTIFIER = "cs315.ISA-APP-FinalProject";
				PRODUCT_NAME = "$(TARGET_NAME)";
				SWIFT_VERSION = 5.0;
				TARGETED_DEVICE_FAMILY = "1,2";
			};
			name = Release;
		};
/* End XCBuildConfiguration section */

/* Begin XCConfigurationList section */
		EE6A6E14255CF6A3006526F9 /* Build configuration list for PBXProject "ISA_APP_FinalProject" */ = {
			isa = XCConfigurationList;
			buildConfigurations = (
				EE6A6E2B255CF6A4006526F9 /* Debug */,
				EE6A6E2C255CF6A4006526F9 /* Release */,
			);
			defaultConfigurationIsVisible = 0;
			defaultConfigurationName = Release;
		};
		EE6A6E2D255CF6A4006526F9 /* Build configuration list for PBXNativeTarget "ISA_APP_FinalProject" */ = {
			isa = XCConfigurationList;
			buildConfigurations = (
				EE6A6E2E255CF6A4006526F9 /* Debug */,
				EE6A6E2F255CF6A4006526F9 /* Release */,
			);
			defaultConfigurationIsVisible = 0;
			defaultConfigurationName = Release;
		};
/* End XCConfigurationList section */
	};
	rootObject = EE6A6E11255CF6A3006526F9 /* Project object */;
}
